
Microsoft Visual Studio Solution File, Format Version 12.00
# Visual Studio Version 17
VisualStudioVersion = 17.3.32922.545
MinimumVisualStudioVersion = 10.0.40219.1
Project("{9A19103F-16F7-4668-BE54-9A1E7A4F7556}") = "SystemWypozyczalniGier", "SystemWypozyczalniGier.csproj", "{38719BE4-F49A-44CE-B1EF-3465772037C5}"
EndProject
Project("{FAE04EC0-301F-11D3-BF4B-00C04F79EFBC}") = "SystemWypozyczalniGierTests1", "..\SystemWypozyczalniGierTests1\SystemWypozyczalniGierTests1.csproj", "{63516CBB-9F18-405E-A695-F232ECC1CD02}"
EndProject
Global
	GlobalSection(SolutionConfigurationPlatforms) = preSolution
		Debug|Any CPU = Debug|Any CPU
		Release|Any CPU = Release|Any CPU
	EndGlobalSection
	GlobalSection(ProjectConfigurationPlatforms) = postSolution
		{38719BE4-F49A-44CE-B1EF-3465772037C5}.Debug|Any CPU.ActiveCfg = Debug|Any CPU
		{38719BE4-F49A-44CE-B1EF-3465772037C5}.Debug|Any CPU.Build.0 = Debug|Any CPU
		{38719BE4-F49A-44CE-B1EF-3465772037C5}.Release|Any CPU.ActiveCfg = Release|Any CPU
		{38719BE4-F49A-44CE-B1EF-3465772037C5}.Release|Any CPU.Build.0 = Release|Any CPU
		{63516CBB-9F18-405E-A695-F232ECC1CD02}.Debug|Any CPU.ActiveCfg = Debug|Any CPU
		{63516CBB-9F18-405E-A695-F232ECC1CD02}.Debug|Any CPU.Build.0 = Debug|Any CPU
		{63516CBB-9F18-405E-A695-F232ECC1CD02}.Release|Any CPU.ActiveCfg = Release|Any CPU
		{63516CBB-9F18-405E-A695-F232ECC1CD02}.Release|Any CPU.Build.0 = Release|Any CPU
	EndGlobalSection
	GlobalSection(SolutionProperties) = preSolution
		HideSolutionNode = FALSE
	EndGlobalSection
	GlobalSection(ExtensibilityGlobals) = postSolution
		SolutionGuid = {879C7BB0-E8D7-4111-8788-EDB83B544F8C}
	EndGlobalSection
EndGlobal
